// !$*UTF8*$!
{
	archiveVersion = 1;
	classes = {
	};
	objectVersion = 46;
	objects = {

/* Begin PBXBuildFile section */
		AA87E418167B57DB00E60E16 /* UIKit.framework in Frameworks */ = {isa = PBXBuildFile; fileRef = AA87E417167B57DB00E60E16 /* UIKit.framework */; };
		AA87E41A167B57DB00E60E16 /* Foundation.framework in Frameworks */ = {isa = PBXBuildFile; fileRef = AA87E419167B57DB00E60E16 /* Foundation.framework */; };
		AA87E41C167B57DB00E60E16 /* CoreGraphics.framework in Frameworks */ = {isa = PBXBuildFile; fileRef = AA87E41B167B57DB00E60E16 /* CoreGraphics.framework */; };
		AA87E44E167B596B00E60E16 /* Default-568h@2x.png in Resources */ = {isa = PBXBuildFile; fileRef = AA87E43D167B596B00E60E16 /* Default-568h@2x.png */; };
		AA87E44F167B596B00E60E16 /* Default.png in Resources */ = {isa = PBXBuildFile; fileRef = AA87E43E167B596B00E60E16 /* Default.png */; };
		AA87E450167B596B00E60E16 /* Default@2x.png in Resources */ = {isa = PBXBuildFile; fileRef = AA87E43F167B596B00E60E16 /* Default@2x.png */; };
		AA87E451167B596B00E60E16 /* AppDelegate.m in Sources */ = {isa = PBXBuildFile; fileRef = AA87E442167B596B00E60E16 /* AppDelegate.m */; };
		AA87E452167B596B00E60E16 /* InfoPlist.strings in Resources */ = {isa = PBXBuildFile; fileRef = AA87E443167B596B00E60E16 /* InfoPlist.strings */; };
		AA87E453167B596B00E60E16 /* ViewController_iPad.xib in Resources */ = {isa = PBXBuildFile; fileRef = AA87E445167B596B00E60E16 /* ViewController_iPad.xib */; };
		AA87E454167B596B00E60E16 /* ViewController_iPhone.xib in Resources */ = {isa = PBXBuildFile; fileRef = AA87E447167B596B00E60E16 /* ViewController_iPhone.xib */; };
		AA87E455167B596B00E60E16 /* main.m in Sources */ = {isa = PBXBuildFile; fileRef = AA87E449167B596B00E60E16 /* main.m */; };
		AA87E457167B596B00E60E16 /* ViewController.m in Sources */ = {isa = PBXBuildFile; fileRef = AA87E44D167B596B00E60E16 /* ViewController.m */; };
		AA87E45A167B6C4B00E60E16 /* Transformifier.m in Sources */ = {isa = PBXBuildFile; fileRef = AA87E459167B6C4B00E60E16 /* Transformifier.m */; };
		AA87E462167BE64B00E60E16 /* EMiOS+Convention.m in Sources */ = {isa = PBXBuildFile; fileRef = AA87E461167BE64B00E60E16 /* EMiOS+Convention.m */; };
		AA87E464167BE6E900E60E16 /* CoreData.framework in Frameworks */ = {isa = PBXBuildFile; fileRef = AA87E463167BE6E900E60E16 /* CoreData.framework */; };
		AA87E466167BE76100E60E16 /* QuartzCore.framework in Frameworks */ = {isa = PBXBuildFile; fileRef = AA87E465167BE76100E60E16 /* QuartzCore.framework */; };
		AA8893F8167FBC1E00C90943 /* 57_app_icon.png in Resources */ = {isa = PBXBuildFile; fileRef = AA8893F6167FBC1E00C90943 /* 57_app_icon.png */; };
		AA8893F9167FBC1E00C90943 /* 114_app_icon.png in Resources */ = {isa = PBXBuildFile; fileRef = AA8893F7167FBC1E00C90943 /* 114_app_icon.png */; };
/* End PBXBuildFile section */

/* Begin PBXFileReference section */
		AA87E413167B57DB00E60E16 /* Transformifier.app */ = {isa = PBXFileReference; explicitFileType = wrapper.application; includeInIndex = 0; path = Transformifier.app; sourceTree = BUILT_PRODUCTS_DIR; };
		AA87E417167B57DB00E60E16 /* UIKit.framework */ = {isa = PBXFileReference; lastKnownFileType = wrapper.framework; name = UIKit.framework; path = System/Library/Frameworks/UIKit.framework; sourceTree = SDKROOT; };
		AA87E419167B57DB00E60E16 /* Foundation.framework */ = {isa = PBXFileReference; lastKnownFileType = wrapper.framework; name = Foundation.framework; path = System/Library/Frameworks/Foundation.framework; sourceTree = SDKROOT; };
		AA87E41B167B57DB00E60E16 /* CoreGraphics.framework */ = {isa = PBXFileReference; lastKnownFileType = wrapper.framework; name = CoreGraphics.framework; path = System/Library/Frameworks/CoreGraphics.framework; sourceTree = SDKROOT; };
		AA87E43D167B596B00E60E16 /* Default-568h@2x.png */ = {isa = PBXFileReference; lastKnownFileType = image.png; path = "Default-568h@2x.png"; sourceTree = "<group>"; };
		AA87E43E167B596B00E60E16 /* Default.png */ = {isa = PBXFileReference; lastKnownFileType = image.png; path = Default.png; sourceTree = "<group>"; };
		AA87E43F167B596B00E60E16 /* Default@2x.png */ = {isa = PBXFileReference; lastKnownFileType = image.png; path = "Default@2x.png"; sourceTree = "<group>"; };
		AA87E441167B596B00E60E16 /* AppDelegate.h */ = {isa = PBXFileReference; fileEncoding = 4; lastKnownFileType = sourcecode.c.h; path = AppDelegate.h; sourceTree = "<group>"; };
		AA87E442167B596B00E60E16 /* AppDelegate.m */ = {isa = PBXFileReference; fileEncoding = 4; lastKnownFileType = sourcecode.c.objc; path = AppDelegate.m; sourceTree = "<group>"; };
		AA87E444167B596B00E60E16 /* en */ = {isa = PBXFileReference; lastKnownFileType = text.plist.strings; name = en; path = en.lproj/InfoPlist.strings; sourceTree = "<group>"; };
		AA87E446167B596B00E60E16 /* en */ = {isa = PBXFileReference; lastKnownFileType = file.xib; name = en; path = en.lproj/ViewController_iPad.xib; sourceTree = "<group>"; };
		AA87E448167B596B00E60E16 /* en */ = {isa = PBXFileReference; lastKnownFileType = file.xib; name = en; path = en.lproj/ViewController_iPhone.xib; sourceTree = "<group>"; };
		AA87E449167B596B00E60E16 /* main.m */ = {isa = PBXFileReference; fileEncoding = 4; lastKnownFileType = sourcecode.c.objc; path = main.m; sourceTree = "<group>"; };
		AA87E44A167B596B00E60E16 /* Transformifier-Info.plist */ = {isa = PBXFileReference; fileEncoding = 4; lastKnownFileType = text.plist.xml; path = "Transformifier-Info.plist"; sourceTree = "<group>"; };
		AA87E44B167B596B00E60E16 /* Transformifier-Prefix.pch */ = {isa = PBXFileReference; fileEncoding = 4; lastKnownFileType = sourcecode.c.h; path = "Transformifier-Prefix.pch"; sourceTree = "<group>"; };
		AA87E44C167B596B00E60E16 /* ViewController.h */ = {isa = PBXFileReference; fileEncoding = 4; lastKnownFileType = sourcecode.c.h; path = ViewController.h; sourceTree = "<group>"; };
		AA87E44D167B596B00E60E16 /* ViewController.m */ = {isa = PBXFileReference; fileEncoding = 4; lastKnownFileType = sourcecode.c.objc; path = ViewController.m; sourceTree = "<group>"; };
		AA87E458167B6C4B00E60E16 /* Transformifier.h */ = {isa = PBXFileReference; fileEncoding = 4; lastKnownFileType = sourcecode.c.h; path = Transformifier.h; sourceTree = "<group>"; };
		AA87E459167B6C4B00E60E16 /* Transformifier.m */ = {isa = PBXFileReference; fileEncoding = 4; lastKnownFileType = sourcecode.c.objc; path = Transformifier.m; sourceTree = "<group>"; };
		AA87E460167BE64B00E60E16 /* EMiOS+Convention.h */ = {isa = PBXFileReference; fileEncoding = 4; lastKnownFileType = sourcecode.c.h; name = "EMiOS+Convention.h"; path = "../../EMiOS+Convention/EMiOS+Convention.h"; sourceTree = "<group>"; };
		AA87E461167BE64B00E60E16 /* EMiOS+Convention.m */ = {isa = PBXFileReference; fileEncoding = 4; lastKnownFileType = sourcecode.c.objc; name = "EMiOS+Convention.m"; path = "../../EMiOS+Convention/EMiOS+Convention.m"; sourceTree = "<group>"; };
		AA87E463167BE6E900E60E16 /* CoreData.framework */ = {isa = PBXFileReference; lastKnownFileType = wrapper.framework; name = CoreData.framework; path = System/Library/Frameworks/CoreData.framework; sourceTree = SDKROOT; };
		AA87E465167BE76100E60E16 /* QuartzCore.framework */ = {isa = PBXFileReference; lastKnownFileType = wrapper.framework; name = QuartzCore.framework; path = System/Library/Frameworks/QuartzCore.framework; sourceTree = SDKROOT; };
		AA8893F6167FBC1E00C90943 /* 57_app_icon.png */ = {isa = PBXFileReference; lastKnownFileType = image.png; path = 57_app_icon.png; sourceTree = "<group>"; };
		AA8893F7167FBC1E00C90943 /* 114_app_icon.png */ = {isa = PBXFileReference; lastKnownFileType = image.png; path = 114_app_icon.png; sourceTree = "<group>"; };
/* End PBXFileReference section */

/* Begin PBXFrameworksBuildPhase section */
		AA87E410167B57DA00E60E16 /* Frameworks */ = {
			isa = PBXFrameworksBuildPhase;
			buildActionMask = 2147483647;
			files = (
				AA87E466167BE76100E60E16 /* QuartzCore.framework in Frameworks */,
				AA87E464167BE6E900E60E16 /* CoreData.framework in Frameworks */,
				AA87E418167B57DB00E60E16 /* UIKit.framework in Frameworks */,
				AA87E41A167B57DB00E60E16 /* Foundation.framework in Frameworks */,
				AA87E41C167B57DB00E60E16 /* CoreGraphics.framework in Frameworks */,
			);
			runOnlyForDeploymentPostprocessing = 0;
		};
/* End PBXFrameworksBuildPhase section */

/* Begin PBXGroup section */
		AA87E408167B57DA00E60E16 = {
			isa = PBXGroup;
			children = (
				AA8893F6167FBC1E00C90943 /* 57_app_icon.png */,
				AA8893F7167FBC1E00C90943 /* 114_app_icon.png */,
				AA87E43D167B596B00E60E16 /* Default-568h@2x.png */,
				AA87E43E167B596B00E60E16 /* Default.png */,
				AA87E43F167B596B00E60E16 /* Default@2x.png */,
				AA87E41D167B57DB00E60E16 /* Transformifier */,
				AA87E440167B596B00E60E16 /* Sample App */,
				AA87E416167B57DB00E60E16 /* Frameworks */,
				AA87E414167B57DB00E60E16 /* Products */,
			);
			sourceTree = "<group>";
		};
		AA87E414167B57DB00E60E16 /* Products */ = {
			isa = PBXGroup;
			children = (
				AA87E413167B57DB00E60E16 /* Transformifier.app */,
			);
			name = Products;
			sourceTree = "<group>";
		};
		AA87E416167B57DB00E60E16 /* Frameworks */ = {
			isa = PBXGroup;
			children = (
				AA87E465167BE76100E60E16 /* QuartzCore.framework */,
				AA87E463167BE6E900E60E16 /* CoreData.framework */,
				AA87E417167B57DB00E60E16 /* UIKit.framework */,
				AA87E419167B57DB00E60E16 /* Foundation.framework */,
				AA87E41B167B57DB00E60E16 /* CoreGraphics.framework */,
			);
			name = Frameworks;
			sourceTree = "<group>";
		};
		AA87E41D167B57DB00E60E16 /* Transformifier */ = {
			isa = PBXGroup;
			children = (
				AA87E458167B6C4B00E60E16 /* Transformifier.h */,
				AA87E459167B6C4B00E60E16 /* Transformifier.m */,
			);
			path = Transformifier;
			sourceTree = "<group>";
		};
		AA87E440167B596B00E60E16 /* Sample App */ = {
			isa = PBXGroup;
			children = (
				AA87E460167BE64B00E60E16 /* EMiOS+Convention.h */,
				AA87E461167BE64B00E60E16 /* EMiOS+Convention.m */,
				AA87E441167B596B00E60E16 /* AppDelegate.h */,
				AA87E442167B596B00E60E16 /* AppDelegate.m */,
				AA87E44C167B596B00E60E16 /* ViewController.h */,
				AA87E44D167B596B00E60E16 /* ViewController.m */,
				AA87E445167B596B00E60E16 /* ViewController_iPad.xib */,
				AA87E447167B596B00E60E16 /* ViewController_iPhone.xib */,
				AA87E449167B596B00E60E16 /* main.m */,
				AA87E443167B596B00E60E16 /* InfoPlist.strings */,
				AA87E44A167B596B00E60E16 /* Transformifier-Info.plist */,
				AA87E44B167B596B00E60E16 /* Transformifier-Prefix.pch */,
			);
			path = "Sample App";
			sourceTree = "<group>";
		};
/* End PBXGroup section */

/* Begin PBXNativeTarget section */
		AA87E412167B57DA00E60E16 /* Transformifier */ = {
			isa = PBXNativeTarget;
			buildConfigurationList = AA87E43A167B57DB00E60E16 /* Build configuration list for PBXNativeTarget "Transformifier" */;
			buildPhases = (
				AA87E40F167B57DA00E60E16 /* Sources */,
				AA87E410167B57DA00E60E16 /* Frameworks */,
				AA87E411167B57DA00E60E16 /* Resources */,
			);
			buildRules = (
			);
			dependencies = (
			);
			name = Transformifier;
			productName = Transformifier;
			productReference = AA87E413167B57DB00E60E16 /* Transformifier.app */;
			productType = "com.apple.product-type.application";
		};
/* End PBXNativeTarget section */

/* Begin PBXProject section */
		AA87E40A167B57DA00E60E16 /* Project object */ = {
			isa = PBXProject;
			attributes = {
				LastUpgradeCheck = 0450;
				ORGANIZATIONNAME = "eMaza Mobile";
			};
			buildConfigurationList = AA87E40D167B57DA00E60E16 /* Build configuration list for PBXProject "Transformifier" */;
			compatibilityVersion = "Xcode 3.2";
			developmentRegion = English;
			hasScannedForEncodings = 0;
			knownRegions = (
				en,
			);
			mainGroup = AA87E408167B57DA00E60E16;
			productRefGroup = AA87E414167B57DB00E60E16 /* Products */;
			projectDirPath = "";
			projectRoot = "";
			targets = (
				AA87E412167B57DA00E60E16 /* Transformifier */,
			);
		};
/* End PBXProject section */

/* Begin PBXResourcesBuildPhase section */
		AA87E411167B57DA00E60E16 /* Resources */ = {
			isa = PBXResourcesBuildPhase;
			buildActionMask = 2147483647;
			files = (
				AA87E44E167B596B00E60E16 /* Default-568h@2x.png in Resources */,
				AA87E44F167B596B00E60E16 /* Default.png in Resources */,
				AA87E450167B596B00E60E16 /* Default@2x.png in Resources */,
				AA87E452167B596B00E60E16 /* InfoPlist.strings in Resources */,
				AA87E453167B596B00E60E16 /* ViewController_iPad.xib in Resources */,
				AA87E454167B596B00E60E16 /* ViewController_iPhone.xib in Resources */,
				AA8893F8167FBC1E00C90943 /* 57_app_icon.png in Resources */,
				AA8893F9167FBC1E00C90943 /* 114_app_icon.png in Resources */,
			);
			runOnlyForDeploymentPostprocessing = 0;
		};
/* End PBXResourcesBuildPhase section */

/* Begin PBXSourcesBuildPhase section */
		AA87E40F167B57DA00E60E16 /* Sources */ = {
			isa = PBXSourcesBuildPhase;
			buildActionMask = 2147483647;
			files = (
				AA87E451167B596B00E60E16 /* AppDelegate.m in Sources */,
				AA87E455167B596B00E60E16 /* main.m in Sources */,
				AA87E457167B596B00E60E16 /* ViewController.m in Sources */,
				AA87E45A167B6C4B00E60E16 /* Transformifier.m in Sources */,
				AA87E462167BE64B00E60E16 /* EMiOS+Convention.m in Sources */,
			);
			runOnlyForDeploymentPostprocessing = 0;
		};
/* End PBXSourcesBuildPhase section */

/* Begin PBXVariantGroup section */
		AA87E443167B596B00E60E16 /* InfoPlist.strings */ = {
			isa = PBXVariantGroup;
			children = (
				AA87E444167B596B00E60E16 /* en */,
			);
			name = InfoPlist.strings;
			sourceTree = "<group>";
		};
		AA87E445167B596B00E60E16 /* ViewController_iPad.xib */ = {
			isa = PBXVariantGroup;
			children = (
				AA87E446167B596B00E60E16 /* en */,
			);
			name = ViewController_iPad.xib;
			sourceTree = "<group>";
		};
		AA87E447167B596B00E60E16 /* ViewController_iPhone.xib */ = {
			isa = PBXVariantGroup;
			children = (
				AA87E448167B596B00E60E16 /* en */,
			);
			name = ViewController_iPhone.xib;
			sourceTree = "<group>";
		};
/* End PBXVariantGroup section */

/* Begin XCBuildConfiguration section */
		AA87E438167B57DB00E60E16 /* Debug */ = {
			isa = XCBuildConfiguration;
			buildSettings = {
				ALWAYS_SEARCH_USER_PATHS = NO;
				CLANG_CXX_LANGUAGE_STANDARD = "gnu++0x";
				CLANG_CXX_LIBRARY = "libc++";
				CLANG_ENABLE_OBJC_ARC = YES;
				CLANG_WARN_EMPTY_BODY = YES;
				CLANG_WARN__DUPLICATE_METHOD_MATCH = YES;
				"CODE_SIGN_IDENTITY[sdk=iphoneos*]" = "iPhone Developer";
				COPY_PHASE_STRIP = NO;
				GCC_C_LANGUAGE_STANDARD = gnu99;
				GCC_DYNAMIC_NO_PIC = NO;
				GCC_OPTIMIZATION_LEVEL = 0;
				GCC_PREPROCESSOR_DEFINITIONS = (
					"DEBUG=1",
					"$(inherited)",
				);
				GCC_SYMBOLS_PRIVATE_EXTERN = NO;
				GCC_WARN_ABOUT_RETURN_TYPE = YES;
				GCC_WARN_UNINITIALIZED_AUTOS = YES;
				GCC_WARN_UNUSED_VARIABLE = YES;
				IPHONEOS_DEPLOYMENT_TARGET = 6.0;
				ONLY_ACTIVE_ARCH = YES;
				RUN_CLANG_STATIC_ANALYZER = YES;
				SDKROOT = iphoneos;
				TARGETED_DEVICE_FAMILY = "1,2";
			};
			name = Debug;
		};
		AA87E439167B57DB00E60E16 /* Release */ = {
			isa = XCBuildConfiguration;
			buildSettings = {
				ALWAYS_SEARCH_USER_PATHS = NO;
				CLANG_CXX_LANGUAGE_STANDARD = "gnu++0x";
				CLANG_CXX_LIBRARY = "libc++";
				CLANG_ENABLE_OBJC_ARC = YES;
				CLANG_WARN_EMPTY_BODY = YES;
				CLANG_WARN__DUPLICATE_METHOD_MATCH = YES;
				"CODE_SIGN_IDENTITY[sdk=iphoneos*]" = "iPhone Developer";
				COPY_PHASE_STRIP = YES;
				GCC_C_LANGUAGE_STANDARD = gnu99;
				GCC_WARN_ABOUT_RETURN_TYPE = YES;
				GCC_WARN_UNINITIALIZED_AUTOS = YES;
				GCC_WARN_UNUSED_VARIABLE = YES;
				IPHONEOS_DEPLOYMENT_TARGET = 6.0;
				OTHER_CFLAGS = "-DNS_BLOCK_ASSERTIONS=1";
				RUN_CLANG_STATIC_ANALYZER = YES;
				SDKROOT = iphoneos;
				TARGETED_DEVICE_FAMILY = "1,2";
				VALIDATE_PRODUCT = YES;
			};
			name = Release;
		};
		AA87E43B167B57DB00E60E16 /* Debug */ = {
			isa = XCBuildConfiguration;
			buildSettings = {
				GCC_PRECOMPILE_PREFIX_HEADER = YES;
				GCC_PREFIX_HEADER = "Sample App/Transformifier-Prefix.pch";
				INFOPLIST_FILE = "$(SRCROOT)/Sample App/Transformifier-Info.plist";
				PRODUCT_NAME = "$(TARGET_NAME)";
				WRAPPER_EXTENSION = app;
			};
			name = Debug;
		};
		AA87E43C167B57DB00E60E16 /* Release */ = {
			isa = XCBuildConfiguration;
			buildSettings = {
				GCC_PRECOMPILE_PREFIX_HEADER = YES;
				GCC_PREFIX_HEADER = "Sample App/Transformifier-Prefix.pch";
				INFOPLIST_FILE = "$(SRCROOT)/Sample App/Transformifier-Info.plist";
				PRODUCT_NAME = "$(TARGET_NAME)";
				WRAPPER_EXTENSION = app;
			};
			name = Release;
		};
/* End XCBuildConfiguration section */

/* Begin XCConfigurationList section */
		AA87E40D167B57DA00E60E16 /* Build configuration list for PBXProject "Transformifier" */ = {
			isa = XCConfigurationList;
			buildConfigurations = (
				AA87E438167B57DB00E60E16 /* Debug */,
				AA87E439167B57DB00E60E16 /* Release */,
			);
			defaultConfigurationIsVisible = 0;
			defaultConfigurationName = Release;
		};
		AA87E43A167B57DB00E60E16 /* Build configuration list for PBXNativeTarget "Transformifier" */ = {
			isa = XCConfigurationList;
			buildConfigurations = (
				AA87E43B167B57DB00E60E16 /* Debug */,
				AA87E43C167B57DB00E60E16 /* Release */,
			);
			defaultConfigurationIsVisible = 0;
			defaultConfigurationName = Release;
		};
/* End XCConfigurationList section */
	};
	rootObject = AA87E40A167B57DA00E60E16 /* Project object */;
}
